github.com/blakehulett7/goSqueal v0.0.0-20240909213342-8e8bb681b0d0 h1:A7vngsay4SOAOPUEmjuckw+yauZJTbtgnGz09O7AzmM=
github.com/blakehulett7/goSqueal v0.0.0-20240909213342-8e8bb681b0d0/go.mod h1:vncEGBElgj+bkNuNIN8D6ScnFL5iIdO84A1uYW+owWQ=
github.com/blakehulett7/goSqueal v0.0.0-20240909215827-6bfd5826fe6a h1:VEaY/tcgXgDU/H6MEpLW+7KWTS0dNP4c6YiIiDOwhgE=
github.com/blakehulett7/goSqueal v0.0.0-20240909215827-6bfd5826fe6a/go.mod h1:vncEGBElgj+bkNuNIN8D6ScnFL5iIdO84A1uYW+owWQ=
github.com/blakehulett7/goSqueal v0.0.0-20240909222550-d3a04280c0c2 h1:iiq7Y4sDEDe6Dp8P/440KLvk6/bbTAy3GQle991ZDlQ=
github.com/blakehulett7/goSqueal v0.0.0-20240909222550-d3a04280c0c2/go.mod h1:vncEGBElgj+bkNuNIN8D6ScnFL5iIdO84A1uYW+owWQ=
github.com/blakehulett7/goSqueal v0.0.0-20240909231747-3ea6266c3e44 h1:lJNJXMW41kdgrDsaPo0IBCBYtto3S3rHVmKFQBLiA/I=
github.com/blakehulett7/goSqueal v0.0.0-20240909231747-3ea6266c3e44/go.mod h1:vncEGBElgj+bkNuNIN8D6ScnFL5iIdO84A1uYW+owWQ=
github.com/blakehulett7/goSqueal v0.0.0-20240909232715-5b5e3c253280 h1:re9WVO4neAg/sw4U1YtuJ+kzKeyJ+dOpjscWYCu5FCY=
github.com/blakehulett7/goSqueal v0.0.0-20240909232715-5b5e3c253280/go.mod h1:vncEGBElgj+bkNuNIN8D6ScnFL5iIdO84A1uYW+owWQ=
github.com/blakehulett7/goSqueal v0.0.0-20240910023544-83d76535214b h1:hTfqzGA62dEN/SrPPI3WWsBzKtbETWl/UNwFUpvSz84=
github.com/blakehulett7/goSqueal v0.0.0-20240910023544-83d76535214b/go.mod h1:vncEGBElgj+bkNuNIN8D6ScnFL5iIdO84A1uYW+owWQ=
github.com/google/uuid v1.6.0 h1:NIvaJDMOsjHA8n1jAhLSgzrAzy1Hgr+hNrb57e+94F0=
github.com/google/uuid v1.6.0/go.mod h1:TIyPZe4MgqvfeYDBFedMoGGpEw/LqOeaOT+nhxU+yHo=
