github.com/blakehulett7/goSqueal v0.0.0-20240909213342-8e8bb681b0d0 h1:A7vngsay4SOAOPUEmjuckw+yauZJTbtgnGz09O7AzmM=
github.com/blakehulett7/goSqueal v0.0.0-20240909213342-8e8bb681b0d0/go.mod h1:vncEGBElgj+bkNuNIN8D6ScnFL5iIdO84A1uYW+owWQ=
github.com/blakehulett7/goSqueal v0.0.0-20240909215827-6bfd5826fe6a h1:VEaY/tcgXgDU/H6MEpLW+7KWTS0dNP4c6YiIiDOwhgE=
github.com/blakehulett7/goSqueal v0.0.0-20240909215827-6bfd5826fe6a/go.mod h1:vncEGBElgj+bkNuNIN8D6ScnFL5iIdO84A1uYW+owWQ=
github.com/blakehulett7/goSqueal v0.0.0-20240909222550-d3a04280c0c2 h1:iiq7Y4sDEDe6Dp8P/440KLvk6/bbTAy3GQle991ZDlQ=
github.com/blakehulett7/goSqueal v0.0.0-20240909222550-d3a04280c0c2/go.mod h1:vncEGBElgj+bkNuNIN8D6ScnFL5iIdO84A1uYW+owWQ=
github.com/blakehulett7/goSqueal v0.0.0-20240909231747-3ea6266c3e44 h1:lJNJXMW41kdgrDsaPo0IBCBYtto3S3rHVmKFQBLiA/I=
github.com/blakehulett7/goSqueal v0.0.0-20240909231747-3ea6266c3e44/go.mod h1:vncEGBElgj+bkNuNIN8D6ScnFL5iIdO84A1uYW+owWQ=
github.com/blakehulett7/goSqueal v0.0.0-20240909232715-5b5e3c253280 h1:re9WVO4neAg/sw4U1YtuJ+kzKeyJ+dOpjscWYCu5FCY=
github.com/blakehulett7/goSqueal v0.0.0-20240909232715-5b5e3c253280/go.mod h1:vncEGBElgj+bkNuNIN8D6ScnFL5iIdO84A1uYW+owWQ=
github.com/blakehulett7/goSqueal v0.0.0-20240910023544-83d76535214b h1:hTfqzGA62dEN/SrPPI3WWsBzKtbETWl/UNwFUpvSz84=
github.com/blakehulett7/goSqueal v0.0.0-20240910023544-83d76535214b/go.mod h1:vncEGBElgj+bkNuNIN8D6ScnFL5iIdO84A1uYW+owWQ=
github.com/blakehulett7/goSqueal v0.0.0-20240910171152-e0d8b7d40362 h1:drjugSQageDqIXJNfBvCaaKeT7vz8TVtn+IOtcDzop4=
github.com/blakehulett7/goSqueal v0.0.0-20240910171152-e0d8b7d40362/go.mod h1:vncEGBElgj+bkNuNIN8D6ScnFL5iIdO84A1uYW+owWQ=
github.com/blakehulett7/goSqueal v0.0.0-20240914140043-6ce71b7d6415 h1:EvoNEcD+ep3gWZBjWCp9HVJrErR6z5+6awx85Rh6KGM=
github.com/blakehulett7/goSqueal v0.0.0-20240914140043-6ce71b7d6415/go.mod h1:vncEGBElgj+bkNuNIN8D6ScnFL5iIdO84A1uYW+owWQ=
github.com/blakehulett7/goSqueal v0.0.0-20240914174029-c4942502a2c0 h1:OWnaMWtd+ClQduGtjs4RI0ctjIyEscVn4tYh4WyEL+U=
github.com/blakehulett7/goSqueal v0.0.0-20240914174029-c4942502a2c0/go.mod h1:vncEGBElgj+bkNuNIN8D6ScnFL5iIdO84A1uYW+owWQ=
github.com/golang-jwt/jwt v3.2.2+incompatible h1:IfV12K8xAKAnZqdXVzCZ+TOjboZ2keLg81eXfW3O+oY=
github.com/golang-jwt/jwt v3.2.2+incompatible/go.mod h1:8pz2t5EyA70fFQQSrl6XZXzqecmYZeUEB8OUGHkxJ+I=
github.com/golang-jwt/jwt/v5 v5.2.1 h1:OuVbFODueb089Lh128TAcimifWaLhJwVflnrgM17wHk=
github.com/golang-jwt/jwt/v5 v5.2.1/go.mod h1:pqrtFR0X4osieyHYxtmOUWsAWrfe1Q5UVIyoH402zdk=
github.com/google/uuid v1.6.0 h1:NIvaJDMOsjHA8n1jAhLSgzrAzy1Hgr+hNrb57e+94F0=
github.com/google/uuid v1.6.0/go.mod h1:TIyPZe4MgqvfeYDBFedMoGGpEw/LqOeaOT+nhxU+yHo=
github.com/joho/godotenv v1.5.1 h1:7eLL/+HRGLY0ldzfGMeQkb7vMd0as4CfYvUVzLqw0N0=
github.com/joho/godotenv v1.5.1/go.mod h1:f4LDr5Voq0i2e/R5DDNOoa2zzDfwtkZa6DnEwAbqwq4=
golang.org/x/crypto v0.27.0 h1:GXm2NjJrPaiv/h1tb2UH8QfgC/hOf/+z0p6PT8o1w7A=
golang.org/x/crypto v0.27.0/go.mod h1:1Xngt8kV6Dvbssa53Ziq6Eqn0HqbZi5Z6R0ZpwQzt70=
